
Microsoft Visual Studio Solution File, Format Version 12.00
# Visual Studio 14
VisualStudioVersion = 14.0.25420.1
MinimumVisualStudioVersion = 10.0.40219.1
Project("{FAE04EC0-301F-11D3-BF4B-00C04F79EFBC}") = "parameters", "parameters\parameters.csproj", "{B305E5E7-74AE-4657-BC7C-FC5E45A75DB1}"
EndProject
Project("{FAE04EC0-301F-11D3-BF4B-00C04F79EFBC}") = "parameters2", "parameters2\parameters2.csproj", "{68A53DCC-FB7A-411F-804F-0648DFD893E2}"
EndProject
Project("{FAE04EC0-301F-11D3-BF4B-00C04F79EFBC}") = "Method", "Method\Method.csproj", "{E0DE4A8C-5018-4766-8CB4-7ABBE5E783BD}"
EndProject
Project("{FAE04EC0-301F-11D3-BF4B-00C04F79EFBC}") = "ArraysDemo2", "ArraysDemo2\ArraysDemo2.csproj", "{03013EFF-8934-4C14-AB04-A71449868F19}"
EndProject
Project("{FAE04EC0-301F-11D3-BF4B-00C04F79EFBC}") = "PrintArrays", "PrintArrays\PrintArrays.csproj", "{B13BE271-8A19-4EFF-A25D-376F514DFF81}"
EndProject
Project("{FAE04EC0-301F-11D3-BF4B-00C04F79EFBC}") = "ArraysDemo", "ArraysDemo\ArraysDemo.csproj", "{3D1CD0DE-27F1-49E3-9622-BD0662CB4F94}"
EndProject
Project("{FAE04EC0-301F-11D3-BF4B-00C04F79EFBC}") = "ArraysDemo3", "ArraysDemo3\ArraysDemo3.csproj", "{6634A271-8DA9-4BD1-8FC7-B6AB08796AE4}"
EndProject
Project("{FAE04EC0-301F-11D3-BF4B-00C04F79EFBC}") = "LISTS", "LISTS\LISTS.csproj", "{6D7747C1-4FC6-44D7-9E86-4321BAFEC3C7}"
EndProject
Project("{FAE04EC0-301F-11D3-BF4B-00C04F79EFBC}") = "0Misc", "0Misc\0Misc.csproj", "{DDD9CC4F-21B0-48BB-BF83-14BC9B3A3EF4}"
EndProject
Project("{FAE04EC0-301F-11D3-BF4B-00C04F79EFBC}") = "Dictionaries", "Dictionaries\Dictionaries.csproj", "{03A17B93-BEC9-4324-8E89-EBCE58E1F64D}"
EndProject
Global
	GlobalSection(SolutionConfigurationPlatforms) = preSolution
		Debug|Any CPU = Debug|Any CPU
		Release|Any CPU = Release|Any CPU
	EndGlobalSection
	GlobalSection(ProjectConfigurationPlatforms) = postSolution
		{B305E5E7-74AE-4657-BC7C-FC5E45A75DB1}.Debug|Any CPU.ActiveCfg = Debug|Any CPU
		{B305E5E7-74AE-4657-BC7C-FC5E45A75DB1}.Debug|Any CPU.Build.0 = Debug|Any CPU
		{B305E5E7-74AE-4657-BC7C-FC5E45A75DB1}.Release|Any CPU.ActiveCfg = Release|Any CPU
		{B305E5E7-74AE-4657-BC7C-FC5E45A75DB1}.Release|Any CPU.Build.0 = Release|Any CPU
		{68A53DCC-FB7A-411F-804F-0648DFD893E2}.Debug|Any CPU.ActiveCfg = Debug|Any CPU
		{68A53DCC-FB7A-411F-804F-0648DFD893E2}.Debug|Any CPU.Build.0 = Debug|Any CPU
		{68A53DCC-FB7A-411F-804F-0648DFD893E2}.Release|Any CPU.ActiveCfg = Release|Any CPU
		{68A53DCC-FB7A-411F-804F-0648DFD893E2}.Release|Any CPU.Build.0 = Release|Any CPU
		{E0DE4A8C-5018-4766-8CB4-7ABBE5E783BD}.Debug|Any CPU.ActiveCfg = Debug|Any CPU
		{E0DE4A8C-5018-4766-8CB4-7ABBE5E783BD}.Debug|Any CPU.Build.0 = Debug|Any CPU
		{E0DE4A8C-5018-4766-8CB4-7ABBE5E783BD}.Release|Any CPU.ActiveCfg = Release|Any CPU
		{E0DE4A8C-5018-4766-8CB4-7ABBE5E783BD}.Release|Any CPU.Build.0 = Release|Any CPU
		{03013EFF-8934-4C14-AB04-A71449868F19}.Debug|Any CPU.ActiveCfg = Debug|Any CPU
		{03013EFF-8934-4C14-AB04-A71449868F19}.Debug|Any CPU.Build.0 = Debug|Any CPU
		{03013EFF-8934-4C14-AB04-A71449868F19}.Release|Any CPU.ActiveCfg = Release|Any CPU
		{03013EFF-8934-4C14-AB04-A71449868F19}.Release|Any CPU.Build.0 = Release|Any CPU
		{B13BE271-8A19-4EFF-A25D-376F514DFF81}.Debug|Any CPU.ActiveCfg = Debug|Any CPU
		{B13BE271-8A19-4EFF-A25D-376F514DFF81}.Debug|Any CPU.Build.0 = Debug|Any CPU
		{B13BE271-8A19-4EFF-A25D-376F514DFF81}.Release|Any CPU.ActiveCfg = Release|Any CPU
		{B13BE271-8A19-4EFF-A25D-376F514DFF81}.Release|Any CPU.Build.0 = Release|Any CPU
		{3D1CD0DE-27F1-49E3-9622-BD0662CB4F94}.Debug|Any CPU.ActiveCfg = Debug|Any CPU
		{3D1CD0DE-27F1-49E3-9622-BD0662CB4F94}.Debug|Any CPU.Build.0 = Debug|Any CPU
		{3D1CD0DE-27F1-49E3-9622-BD0662CB4F94}.Release|Any CPU.ActiveCfg = Release|Any CPU
		{3D1CD0DE-27F1-49E3-9622-BD0662CB4F94}.Release|Any CPU.Build.0 = Release|Any CPU
		{6634A271-8DA9-4BD1-8FC7-B6AB08796AE4}.Debug|Any CPU.ActiveCfg = Debug|Any CPU
		{6634A271-8DA9-4BD1-8FC7-B6AB08796AE4}.Debug|Any CPU.Build.0 = Debug|Any CPU
		{6634A271-8DA9-4BD1-8FC7-B6AB08796AE4}.Release|Any CPU.ActiveCfg = Release|Any CPU
		{6634A271-8DA9-4BD1-8FC7-B6AB08796AE4}.Release|Any CPU.Build.0 = Release|Any CPU
		{6D7747C1-4FC6-44D7-9E86-4321BAFEC3C7}.Debug|Any CPU.ActiveCfg = Debug|Any CPU
		{6D7747C1-4FC6-44D7-9E86-4321BAFEC3C7}.Debug|Any CPU.Build.0 = Debug|Any CPU
		{6D7747C1-4FC6-44D7-9E86-4321BAFEC3C7}.Release|Any CPU.ActiveCfg = Release|Any CPU
		{6D7747C1-4FC6-44D7-9E86-4321BAFEC3C7}.Release|Any CPU.Build.0 = Release|Any CPU
		{DDD9CC4F-21B0-48BB-BF83-14BC9B3A3EF4}.Debug|Any CPU.ActiveCfg = Debug|Any CPU
		{DDD9CC4F-21B0-48BB-BF83-14BC9B3A3EF4}.Debug|Any CPU.Build.0 = Debug|Any CPU
		{DDD9CC4F-21B0-48BB-BF83-14BC9B3A3EF4}.Release|Any CPU.ActiveCfg = Release|Any CPU
		{DDD9CC4F-21B0-48BB-BF83-14BC9B3A3EF4}.Release|Any CPU.Build.0 = Release|Any CPU
		{03A17B93-BEC9-4324-8E89-EBCE58E1F64D}.Debug|Any CPU.ActiveCfg = Debug|Any CPU
		{03A17B93-BEC9-4324-8E89-EBCE58E1F64D}.Debug|Any CPU.Build.0 = Debug|Any CPU
		{03A17B93-BEC9-4324-8E89-EBCE58E1F64D}.Release|Any CPU.ActiveCfg = Release|Any CPU
		{03A17B93-BEC9-4324-8E89-EBCE58E1F64D}.Release|Any CPU.Build.0 = Release|Any CPU
	EndGlobalSection
	GlobalSection(SolutionProperties) = preSolution
		HideSolutionNode = FALSE
	EndGlobalSection
EndGlobal
