
Microsoft Visual Studio Solution File, Format Version 12.00
# Visual Studio 14
VisualStudioVersion = 14.0.25420.1
MinimumVisualStudioVersion = 10.0.40219.1
Project("{FAE04EC0-301F-11D3-BF4B-00C04F79EFBC}") = "3Printing Triangle", "3Printing Triangle\3Printing Triangle.csproj", "{DC46AFCE-7C90-432B-80D9-C25D061DEB09}"
EndProject
Project("{FAE04EC0-301F-11D3-BF4B-00C04F79EFBC}") = "2Sign of Integer Number", "2Sign of Integer Number\2Sign of Integer Number.csproj", "{AC4FAFBC-642E-45B2-91F7-9C8014F94724}"
EndProject
Project("{FAE04EC0-301F-11D3-BF4B-00C04F79EFBC}") = "1Blank Receipt", "1Blank Receipt\1Blank Receipt.csproj", "{4F8AE191-060E-42E5-9BF0-EBF670BCE453}"
EndProject
Project("{FAE04EC0-301F-11D3-BF4B-00C04F79EFBC}") = "4Draw a Filled Square", "4Draw a Filled Square\4Draw a Filled Square.csproj", "{87AC6C7E-E318-4B44-9178-C3C56FEED7A4}"
EndProject
Project("{FAE04EC0-301F-11D3-BF4B-00C04F79EFBC}") = "6Math Power", "6Math Power\6Math Power.csproj", "{9A60DF1A-D12B-4CB7-850A-6EE48EA67496}"
EndProject
Project("{FAE04EC0-301F-11D3-BF4B-00C04F79EFBC}") = "5Calculate Triangle Area", "5Calculate Triangle Area\5Calculate Triangle Area.csproj", "{47F8BB5F-6052-4BD1-9540-5772C4F37900}"
EndProject
Project("{FAE04EC0-301F-11D3-BF4B-00C04F79EFBC}") = "7Greater of Two Values", "7Greater of Two Values\7Greater of Two Values.csproj", "{F4A41D08-92AF-44EF-811A-438C1718AA0F}"
EndProject
Global
	GlobalSection(SolutionConfigurationPlatforms) = preSolution
		Debug|Any CPU = Debug|Any CPU
		Release|Any CPU = Release|Any CPU
	EndGlobalSection
	GlobalSection(ProjectConfigurationPlatforms) = postSolution
		{DC46AFCE-7C90-432B-80D9-C25D061DEB09}.Debug|Any CPU.ActiveCfg = Debug|Any CPU
		{DC46AFCE-7C90-432B-80D9-C25D061DEB09}.Debug|Any CPU.Build.0 = Debug|Any CPU
		{DC46AFCE-7C90-432B-80D9-C25D061DEB09}.Release|Any CPU.ActiveCfg = Release|Any CPU
		{DC46AFCE-7C90-432B-80D9-C25D061DEB09}.Release|Any CPU.Build.0 = Release|Any CPU
		{AC4FAFBC-642E-45B2-91F7-9C8014F94724}.Debug|Any CPU.ActiveCfg = Debug|Any CPU
		{AC4FAFBC-642E-45B2-91F7-9C8014F94724}.Debug|Any CPU.Build.0 = Debug|Any CPU
		{AC4FAFBC-642E-45B2-91F7-9C8014F94724}.Release|Any CPU.ActiveCfg = Release|Any CPU
		{AC4FAFBC-642E-45B2-91F7-9C8014F94724}.Release|Any CPU.Build.0 = Release|Any CPU
		{4F8AE191-060E-42E5-9BF0-EBF670BCE453}.Debug|Any CPU.ActiveCfg = Debug|Any CPU
		{4F8AE191-060E-42E5-9BF0-EBF670BCE453}.Debug|Any CPU.Build.0 = Debug|Any CPU
		{4F8AE191-060E-42E5-9BF0-EBF670BCE453}.Release|Any CPU.ActiveCfg = Release|Any CPU
		{4F8AE191-060E-42E5-9BF0-EBF670BCE453}.Release|Any CPU.Build.0 = Release|Any CPU
		{87AC6C7E-E318-4B44-9178-C3C56FEED7A4}.Debug|Any CPU.ActiveCfg = Debug|Any CPU
		{87AC6C7E-E318-4B44-9178-C3C56FEED7A4}.Debug|Any CPU.Build.0 = Debug|Any CPU
		{87AC6C7E-E318-4B44-9178-C3C56FEED7A4}.Release|Any CPU.ActiveCfg = Release|Any CPU
		{87AC6C7E-E318-4B44-9178-C3C56FEED7A4}.Release|Any CPU.Build.0 = Release|Any CPU
		{9A60DF1A-D12B-4CB7-850A-6EE48EA67496}.Debug|Any CPU.ActiveCfg = Debug|Any CPU
		{9A60DF1A-D12B-4CB7-850A-6EE48EA67496}.Debug|Any CPU.Build.0 = Debug|Any CPU
		{9A60DF1A-D12B-4CB7-850A-6EE48EA67496}.Release|Any CPU.ActiveCfg = Release|Any CPU
		{9A60DF1A-D12B-4CB7-850A-6EE48EA67496}.Release|Any CPU.Build.0 = Release|Any CPU
		{47F8BB5F-6052-4BD1-9540-5772C4F37900}.Debug|Any CPU.ActiveCfg = Debug|Any CPU
		{47F8BB5F-6052-4BD1-9540-5772C4F37900}.Debug|Any CPU.Build.0 = Debug|Any CPU
		{47F8BB5F-6052-4BD1-9540-5772C4F37900}.Release|Any CPU.ActiveCfg = Release|Any CPU
		{47F8BB5F-6052-4BD1-9540-5772C4F37900}.Release|Any CPU.Build.0 = Release|Any CPU
		{F4A41D08-92AF-44EF-811A-438C1718AA0F}.Debug|Any CPU.ActiveCfg = Debug|Any CPU
		{F4A41D08-92AF-44EF-811A-438C1718AA0F}.Debug|Any CPU.Build.0 = Debug|Any CPU
		{F4A41D08-92AF-44EF-811A-438C1718AA0F}.Release|Any CPU.ActiveCfg = Release|Any CPU
		{F4A41D08-92AF-44EF-811A-438C1718AA0F}.Release|Any CPU.Build.0 = Release|Any CPU
	EndGlobalSection
	GlobalSection(SolutionProperties) = preSolution
		HideSolutionNode = FALSE
	EndGlobalSection
EndGlobal
