
Microsoft Visual Studio Solution File, Format Version 12.00
# Visual Studio 14
VisualStudioVersion = 14.0.25420.1
MinimumVisualStudioVersion = 10.0.40219.1
Project("{FAE04EC0-301F-11D3-BF4B-00C04F79EFBC}") = "1OddLines", "1OddLines\1OddLines.csproj", "{83CDDF01-D243-4155-9CDF-4CCB492350A8}"
EndProject
Project("{FAE04EC0-301F-11D3-BF4B-00C04F79EFBC}") = "2LineNumbers", "2LineNumbers\2LineNumbers.csproj", "{4DE6FC08-55E9-4082-865E-AB4365CE8507}"
EndProject
Project("{FAE04EC0-301F-11D3-BF4B-00C04F79EFBC}") = "3WordCount", "3WordCount\3WordCount.csproj", "{0E10D9F4-2E9D-4666-A70A-DFA9BDCD83B5}"
EndProject
Project("{FAE04EC0-301F-11D3-BF4B-00C04F79EFBC}") = "4MergeFiles", "4MergeFiles\4MergeFiles.csproj", "{265D0C53-6197-4E5C-B03D-28623C53778C}"
EndProject
Project("{FAE04EC0-301F-11D3-BF4B-00C04F79EFBC}") = "5FolderSize", "5FolderSize\5FolderSize.csproj", "{761066DF-53B0-4A49-BA05-690C79237DB7}"
EndProject
Global
	GlobalSection(SolutionConfigurationPlatforms) = preSolution
		Debug|Any CPU = Debug|Any CPU
		Release|Any CPU = Release|Any CPU
	EndGlobalSection
	GlobalSection(ProjectConfigurationPlatforms) = postSolution
		{83CDDF01-D243-4155-9CDF-4CCB492350A8}.Debug|Any CPU.ActiveCfg = Debug|Any CPU
		{83CDDF01-D243-4155-9CDF-4CCB492350A8}.Debug|Any CPU.Build.0 = Debug|Any CPU
		{83CDDF01-D243-4155-9CDF-4CCB492350A8}.Release|Any CPU.ActiveCfg = Release|Any CPU
		{83CDDF01-D243-4155-9CDF-4CCB492350A8}.Release|Any CPU.Build.0 = Release|Any CPU
		{4DE6FC08-55E9-4082-865E-AB4365CE8507}.Debug|Any CPU.ActiveCfg = Debug|Any CPU
		{4DE6FC08-55E9-4082-865E-AB4365CE8507}.Debug|Any CPU.Build.0 = Debug|Any CPU
		{4DE6FC08-55E9-4082-865E-AB4365CE8507}.Release|Any CPU.ActiveCfg = Release|Any CPU
		{4DE6FC08-55E9-4082-865E-AB4365CE8507}.Release|Any CPU.Build.0 = Release|Any CPU
		{0E10D9F4-2E9D-4666-A70A-DFA9BDCD83B5}.Debug|Any CPU.ActiveCfg = Debug|Any CPU
		{0E10D9F4-2E9D-4666-A70A-DFA9BDCD83B5}.Debug|Any CPU.Build.0 = Debug|Any CPU
		{0E10D9F4-2E9D-4666-A70A-DFA9BDCD83B5}.Release|Any CPU.ActiveCfg = Release|Any CPU
		{0E10D9F4-2E9D-4666-A70A-DFA9BDCD83B5}.Release|Any CPU.Build.0 = Release|Any CPU
		{265D0C53-6197-4E5C-B03D-28623C53778C}.Debug|Any CPU.ActiveCfg = Debug|Any CPU
		{265D0C53-6197-4E5C-B03D-28623C53778C}.Debug|Any CPU.Build.0 = Debug|Any CPU
		{265D0C53-6197-4E5C-B03D-28623C53778C}.Release|Any CPU.ActiveCfg = Release|Any CPU
		{265D0C53-6197-4E5C-B03D-28623C53778C}.Release|Any CPU.Build.0 = Release|Any CPU
		{761066DF-53B0-4A49-BA05-690C79237DB7}.Debug|Any CPU.ActiveCfg = Debug|Any CPU
		{761066DF-53B0-4A49-BA05-690C79237DB7}.Debug|Any CPU.Build.0 = Debug|Any CPU
		{761066DF-53B0-4A49-BA05-690C79237DB7}.Release|Any CPU.ActiveCfg = Release|Any CPU
		{761066DF-53B0-4A49-BA05-690C79237DB7}.Release|Any CPU.Build.0 = Release|Any CPU
	EndGlobalSection
	GlobalSection(SolutionProperties) = preSolution
		HideSolutionNode = FALSE
	EndGlobalSection
EndGlobal
