
Microsoft Visual Studio Solution File, Format Version 12.00
# Visual Studio 14
VisualStudioVersion = 14.0.25420.1
MinimumVisualStudioVersion = 10.0.40219.1
Project("{FAE04EC0-301F-11D3-BF4B-00C04F79EFBC}") = "1Sum Array Elements", "1Sum Array Elements\1Sum Array Elements.csproj", "{89CBC54F-D78D-40AE-A0B2-4B1C9405EFE5}"
EndProject
Project("{FAE04EC0-301F-11D3-BF4B-00C04F79EFBC}") = "2Multiply an Array of Doubles", "2Multiply an Array of Doubles\2Multiply an Array of Doubles.csproj", "{9D26A269-612E-4CF7-B9FE-F544576DEE7B}"
EndProject
Project("{FAE04EC0-301F-11D3-BF4B-00C04F79EFBC}") = "3Smallest Element in Array", "3Smallest Element in Array\3Smallest Element in Array.csproj", "{57153EB9-ABEB-4EB5-86CB-9C59C84E1F4B}"
EndProject
Project("{FAE04EC0-301F-11D3-BF4B-00C04F79EFBC}") = "4Rotate Array of Strings", "4Rotate Array of Strings\4Rotate Array of Strings.csproj", "{FBD81578-4322-493C-A59C-2DE1A6F0CC1C}"
EndProject
Project("{FAE04EC0-301F-11D3-BF4B-00C04F79EFBC}") = "5Count of Odd Num in Array", "5Count of Odd Num in Array\5Count of Odd Num in Array.csproj", "{1ACE5628-48E4-4D81-B6E4-0CE12583F96A}"
EndProject
Project("{FAE04EC0-301F-11D3-BF4B-00C04F79EFBC}") = "6Odd Num at Odd Positions", "6Odd Num at Odd Positions\6Odd Num at Odd Positions.csproj", "{43013576-EAAC-40B9-A182-833D91014408}"
EndProject
Global
	GlobalSection(SolutionConfigurationPlatforms) = preSolution
		Debug|Any CPU = Debug|Any CPU
		Release|Any CPU = Release|Any CPU
	EndGlobalSection
	GlobalSection(ProjectConfigurationPlatforms) = postSolution
		{89CBC54F-D78D-40AE-A0B2-4B1C9405EFE5}.Debug|Any CPU.ActiveCfg = Debug|Any CPU
		{89CBC54F-D78D-40AE-A0B2-4B1C9405EFE5}.Debug|Any CPU.Build.0 = Debug|Any CPU
		{89CBC54F-D78D-40AE-A0B2-4B1C9405EFE5}.Release|Any CPU.ActiveCfg = Release|Any CPU
		{89CBC54F-D78D-40AE-A0B2-4B1C9405EFE5}.Release|Any CPU.Build.0 = Release|Any CPU
		{9D26A269-612E-4CF7-B9FE-F544576DEE7B}.Debug|Any CPU.ActiveCfg = Debug|Any CPU
		{9D26A269-612E-4CF7-B9FE-F544576DEE7B}.Debug|Any CPU.Build.0 = Debug|Any CPU
		{9D26A269-612E-4CF7-B9FE-F544576DEE7B}.Release|Any CPU.ActiveCfg = Release|Any CPU
		{9D26A269-612E-4CF7-B9FE-F544576DEE7B}.Release|Any CPU.Build.0 = Release|Any CPU
		{57153EB9-ABEB-4EB5-86CB-9C59C84E1F4B}.Debug|Any CPU.ActiveCfg = Debug|Any CPU
		{57153EB9-ABEB-4EB5-86CB-9C59C84E1F4B}.Debug|Any CPU.Build.0 = Debug|Any CPU
		{57153EB9-ABEB-4EB5-86CB-9C59C84E1F4B}.Release|Any CPU.ActiveCfg = Release|Any CPU
		{57153EB9-ABEB-4EB5-86CB-9C59C84E1F4B}.Release|Any CPU.Build.0 = Release|Any CPU
		{FBD81578-4322-493C-A59C-2DE1A6F0CC1C}.Debug|Any CPU.ActiveCfg = Debug|Any CPU
		{FBD81578-4322-493C-A59C-2DE1A6F0CC1C}.Debug|Any CPU.Build.0 = Debug|Any CPU
		{FBD81578-4322-493C-A59C-2DE1A6F0CC1C}.Release|Any CPU.ActiveCfg = Release|Any CPU
		{FBD81578-4322-493C-A59C-2DE1A6F0CC1C}.Release|Any CPU.Build.0 = Release|Any CPU
		{1ACE5628-48E4-4D81-B6E4-0CE12583F96A}.Debug|Any CPU.ActiveCfg = Debug|Any CPU
		{1ACE5628-48E4-4D81-B6E4-0CE12583F96A}.Debug|Any CPU.Build.0 = Debug|Any CPU
		{1ACE5628-48E4-4D81-B6E4-0CE12583F96A}.Release|Any CPU.ActiveCfg = Release|Any CPU
		{1ACE5628-48E4-4D81-B6E4-0CE12583F96A}.Release|Any CPU.Build.0 = Release|Any CPU
		{43013576-EAAC-40B9-A182-833D91014408}.Debug|Any CPU.ActiveCfg = Debug|Any CPU
		{43013576-EAAC-40B9-A182-833D91014408}.Debug|Any CPU.Build.0 = Debug|Any CPU
		{43013576-EAAC-40B9-A182-833D91014408}.Release|Any CPU.ActiveCfg = Release|Any CPU
		{43013576-EAAC-40B9-A182-833D91014408}.Release|Any CPU.Build.0 = Release|Any CPU
	EndGlobalSection
	GlobalSection(SolutionProperties) = preSolution
		HideSolutionNode = FALSE
	EndGlobalSection
EndGlobal
