
Microsoft Visual Studio Solution File, Format Version 12.00
# Visual Studio 15
VisualStudioVersion = 15.0.26228.10
MinimumVisualStudioVersion = 10.0.40219.1
Project("{FAE04EC0-301F-11D3-BF4B-00C04F79EFBC}") = "1FilterExtensions", "1FilterExtensions\1FilterExtensions.csproj", "{1D39B594-AB51-476B-8C21-9BB95B8B74F6}"
EndProject
Project("{FAE04EC0-301F-11D3-BF4B-00C04F79EFBC}") = "2HTMLContents", "2HTMLContents\2HTMLContents.csproj", "{07118528-1A6D-470E-87CF-44DEA53741DF}"
EndProject
Project("{FAE04EC0-301F-11D3-BF4B-00C04F79EFBC}") = "4Re-Directory", "4Re-Directory\4Re-Directory.csproj", "{E105B911-8FE2-4FFE-BBBB-DF0100643656}"
EndProject
Project("{FAE04EC0-301F-11D3-BF4B-00C04F79EFBC}") = "3UserDatabase", "3UserDatabase\3UserDatabase.csproj", "{80F9CA38-8ED4-45E4-A51B-3A275B825414}"
EndProject
Project("{FAE04EC0-301F-11D3-BF4B-00C04F79EFBC}") = "3UserDatabase2", "3UserDatabase2\3UserDatabase2.csproj", "{C27DDF7F-137F-4429-B828-6A57009068D9}"
EndProject
Project("{FAE04EC0-301F-11D3-BF4B-00C04F79EFBC}") = "5Products", "5Products\5Products.csproj", "{240AE361-B744-46CA-AB67-55998A224986}"
EndProject
Global
	GlobalSection(SolutionConfigurationPlatforms) = preSolution
		Debug|Any CPU = Debug|Any CPU
		Release|Any CPU = Release|Any CPU
	EndGlobalSection
	GlobalSection(ProjectConfigurationPlatforms) = postSolution
		{1D39B594-AB51-476B-8C21-9BB95B8B74F6}.Debug|Any CPU.ActiveCfg = Debug|Any CPU
		{1D39B594-AB51-476B-8C21-9BB95B8B74F6}.Debug|Any CPU.Build.0 = Debug|Any CPU
		{1D39B594-AB51-476B-8C21-9BB95B8B74F6}.Release|Any CPU.ActiveCfg = Release|Any CPU
		{1D39B594-AB51-476B-8C21-9BB95B8B74F6}.Release|Any CPU.Build.0 = Release|Any CPU
		{07118528-1A6D-470E-87CF-44DEA53741DF}.Debug|Any CPU.ActiveCfg = Debug|Any CPU
		{07118528-1A6D-470E-87CF-44DEA53741DF}.Debug|Any CPU.Build.0 = Debug|Any CPU
		{07118528-1A6D-470E-87CF-44DEA53741DF}.Release|Any CPU.ActiveCfg = Release|Any CPU
		{07118528-1A6D-470E-87CF-44DEA53741DF}.Release|Any CPU.Build.0 = Release|Any CPU
		{E105B911-8FE2-4FFE-BBBB-DF0100643656}.Debug|Any CPU.ActiveCfg = Debug|Any CPU
		{E105B911-8FE2-4FFE-BBBB-DF0100643656}.Debug|Any CPU.Build.0 = Debug|Any CPU
		{E105B911-8FE2-4FFE-BBBB-DF0100643656}.Release|Any CPU.ActiveCfg = Release|Any CPU
		{E105B911-8FE2-4FFE-BBBB-DF0100643656}.Release|Any CPU.Build.0 = Release|Any CPU
		{80F9CA38-8ED4-45E4-A51B-3A275B825414}.Debug|Any CPU.ActiveCfg = Debug|Any CPU
		{80F9CA38-8ED4-45E4-A51B-3A275B825414}.Debug|Any CPU.Build.0 = Debug|Any CPU
		{80F9CA38-8ED4-45E4-A51B-3A275B825414}.Release|Any CPU.ActiveCfg = Release|Any CPU
		{80F9CA38-8ED4-45E4-A51B-3A275B825414}.Release|Any CPU.Build.0 = Release|Any CPU
		{C27DDF7F-137F-4429-B828-6A57009068D9}.Debug|Any CPU.ActiveCfg = Debug|Any CPU
		{C27DDF7F-137F-4429-B828-6A57009068D9}.Debug|Any CPU.Build.0 = Debug|Any CPU
		{C27DDF7F-137F-4429-B828-6A57009068D9}.Release|Any CPU.ActiveCfg = Release|Any CPU
		{C27DDF7F-137F-4429-B828-6A57009068D9}.Release|Any CPU.Build.0 = Release|Any CPU
		{240AE361-B744-46CA-AB67-55998A224986}.Debug|Any CPU.ActiveCfg = Debug|Any CPU
		{240AE361-B744-46CA-AB67-55998A224986}.Debug|Any CPU.Build.0 = Debug|Any CPU
		{240AE361-B744-46CA-AB67-55998A224986}.Release|Any CPU.ActiveCfg = Release|Any CPU
		{240AE361-B744-46CA-AB67-55998A224986}.Release|Any CPU.Build.0 = Release|Any CPU
	EndGlobalSection
	GlobalSection(SolutionProperties) = preSolution
		HideSolutionNode = FALSE
	EndGlobalSection
EndGlobal
