
Microsoft Visual Studio Solution File, Format Version 12.00
# Visual Studio 14
VisualStudioVersion = 14.0.25420.1
MinimumVisualStudioVersion = 10.0.40219.1
Project("{FAE04EC0-301F-11D3-BF4B-00C04F79EFBC}") = "1Hello Name", "1Hello Name\1Hello Name.csproj", "{4D60462B-CFEA-4239-AFAA-245A9CAA103E}"
EndProject
Project("{FAE04EC0-301F-11D3-BF4B-00C04F79EFBC}") = "2Min Method", "2Min Method\2Min Method.csproj", "{4AE359E6-0C7F-459A-A14A-94A4A47B56E9}"
EndProject
Project("{FAE04EC0-301F-11D3-BF4B-00C04F79EFBC}") = "3String Repeater", "3String Repeater\3String Repeater.csproj", "{562C5FC9-C527-4B43-A2CC-C8C045840E2E}"
EndProject
Project("{FAE04EC0-301F-11D3-BF4B-00C04F79EFBC}") = "4Nth Digit", "4Nth Digit\4Nth Digit.csproj", "{F52AA9DE-A5D3-49FE-A6C0-D3C4245A34E2}"
EndProject
Project("{FAE04EC0-301F-11D3-BF4B-00C04F79EFBC}") = "5Integer to Base", "5Integer to Base\5Integer to Base.csproj", "{BB0D46E2-A41B-48A8-932C-4C61ED7FEB7D}"
EndProject
Project("{FAE04EC0-301F-11D3-BF4B-00C04F79EFBC}") = "6Notifications", "6Notifications\6Notifications.csproj", "{F73DEF1B-887A-4E2A-91BB-45481D312131}"
EndProject
Project("{FAE04EC0-301F-11D3-BF4B-00C04F79EFBC}") = "7Numbers to Words", "7Numbers to Words\7Numbers to Words.csproj", "{91B186C1-61D2-4C76-AF20-CD6E89AF1B84}"
EndProject
Global
	GlobalSection(SolutionConfigurationPlatforms) = preSolution
		Debug|Any CPU = Debug|Any CPU
		Release|Any CPU = Release|Any CPU
	EndGlobalSection
	GlobalSection(ProjectConfigurationPlatforms) = postSolution
		{4D60462B-CFEA-4239-AFAA-245A9CAA103E}.Debug|Any CPU.ActiveCfg = Debug|Any CPU
		{4D60462B-CFEA-4239-AFAA-245A9CAA103E}.Debug|Any CPU.Build.0 = Debug|Any CPU
		{4D60462B-CFEA-4239-AFAA-245A9CAA103E}.Release|Any CPU.ActiveCfg = Release|Any CPU
		{4D60462B-CFEA-4239-AFAA-245A9CAA103E}.Release|Any CPU.Build.0 = Release|Any CPU
		{4AE359E6-0C7F-459A-A14A-94A4A47B56E9}.Debug|Any CPU.ActiveCfg = Debug|Any CPU
		{4AE359E6-0C7F-459A-A14A-94A4A47B56E9}.Debug|Any CPU.Build.0 = Debug|Any CPU
		{4AE359E6-0C7F-459A-A14A-94A4A47B56E9}.Release|Any CPU.ActiveCfg = Release|Any CPU
		{4AE359E6-0C7F-459A-A14A-94A4A47B56E9}.Release|Any CPU.Build.0 = Release|Any CPU
		{562C5FC9-C527-4B43-A2CC-C8C045840E2E}.Debug|Any CPU.ActiveCfg = Debug|Any CPU
		{562C5FC9-C527-4B43-A2CC-C8C045840E2E}.Debug|Any CPU.Build.0 = Debug|Any CPU
		{562C5FC9-C527-4B43-A2CC-C8C045840E2E}.Release|Any CPU.ActiveCfg = Release|Any CPU
		{562C5FC9-C527-4B43-A2CC-C8C045840E2E}.Release|Any CPU.Build.0 = Release|Any CPU
		{F52AA9DE-A5D3-49FE-A6C0-D3C4245A34E2}.Debug|Any CPU.ActiveCfg = Debug|Any CPU
		{F52AA9DE-A5D3-49FE-A6C0-D3C4245A34E2}.Debug|Any CPU.Build.0 = Debug|Any CPU
		{F52AA9DE-A5D3-49FE-A6C0-D3C4245A34E2}.Release|Any CPU.ActiveCfg = Release|Any CPU
		{F52AA9DE-A5D3-49FE-A6C0-D3C4245A34E2}.Release|Any CPU.Build.0 = Release|Any CPU
		{BB0D46E2-A41B-48A8-932C-4C61ED7FEB7D}.Debug|Any CPU.ActiveCfg = Debug|Any CPU
		{BB0D46E2-A41B-48A8-932C-4C61ED7FEB7D}.Debug|Any CPU.Build.0 = Debug|Any CPU
		{BB0D46E2-A41B-48A8-932C-4C61ED7FEB7D}.Release|Any CPU.ActiveCfg = Release|Any CPU
		{BB0D46E2-A41B-48A8-932C-4C61ED7FEB7D}.Release|Any CPU.Build.0 = Release|Any CPU
		{F73DEF1B-887A-4E2A-91BB-45481D312131}.Debug|Any CPU.ActiveCfg = Debug|Any CPU
		{F73DEF1B-887A-4E2A-91BB-45481D312131}.Debug|Any CPU.Build.0 = Debug|Any CPU
		{F73DEF1B-887A-4E2A-91BB-45481D312131}.Release|Any CPU.ActiveCfg = Release|Any CPU
		{F73DEF1B-887A-4E2A-91BB-45481D312131}.Release|Any CPU.Build.0 = Release|Any CPU
		{91B186C1-61D2-4C76-AF20-CD6E89AF1B84}.Debug|Any CPU.ActiveCfg = Debug|Any CPU
		{91B186C1-61D2-4C76-AF20-CD6E89AF1B84}.Debug|Any CPU.Build.0 = Debug|Any CPU
		{91B186C1-61D2-4C76-AF20-CD6E89AF1B84}.Release|Any CPU.ActiveCfg = Release|Any CPU
		{91B186C1-61D2-4C76-AF20-CD6E89AF1B84}.Release|Any CPU.Build.0 = Release|Any CPU
	EndGlobalSection
	GlobalSection(SolutionProperties) = preSolution
		HideSolutionNode = FALSE
	EndGlobalSection
EndGlobal
